
Microsoft Visual Studio Solution File, Format Version 12.00
# Visual Studio 15
VisualStudioVersion = 15.0.27703.2042
MinimumVisualStudioVersion = 10.0.40219.1
Project("{2150E333-8FDC-42A3-9474-1A3956D46DE8}") = "Src", "Src", "{3D880BBA-8D23-49F3-B109-0D680C6BBD01}"
EndProject
Project("{2150E333-8FDC-42A3-9474-1A3956D46DE8}") = "Tests", "Tests", "{33F17F87-9D91-455E-996E-31BB22DDC611}"
EndProject
Project("{2150E333-8FDC-42A3-9474-1A3956D46DE8}") = "Common", "Common", "{C5A21030-D51D-49E3-B0B9-2FCF32AABC86}"
EndProject
Project("{2150E333-8FDC-42A3-9474-1A3956D46DE8}") = "Core", "Core", "{135EB30F-3FC9-44E7-97A4-0A37C9C83871}"
EndProject
Project("{2150E333-8FDC-42A3-9474-1A3956D46DE8}") = "Infrastructure", "Infrastructure", "{B7313F21-4C85-4A89-B8E9-24379B5B0F9E}"
EndProject
Project("{2150E333-8FDC-42A3-9474-1A3956D46DE8}") = "Presentation", "Presentation", "{3DC448FB-22B2-4DEF-9BD1-FFCD2285FCB7}"
EndProject
Project("{9A19103F-16F7-4668-BE54-9A1E7A4F7556}") = "Rbyte.Domain", "Src\Core\Rbyte.Domain\Rbyte.Domain.csproj", "{0837B424-BA7C-49EE-938B-3A723402EE9D}"
EndProject
Project("{9A19103F-16F7-4668-BE54-9A1E7A4F7556}") = "Rbyte.Persistance", "Src\Infrastructure\Rbyte.Persistance\Rbyte.Persistance.csproj", "{3F79EE1D-6777-488D-AD4D-F8D02103571E}"
EndProject
Project("{9A19103F-16F7-4668-BE54-9A1E7A4F7556}") = "Rbyte.Application", "Src\Core\Rbyte.Application\Rbyte.Application.csproj", "{39BBD400-EED7-48A6-AB53-3489AB0DC5E0}"
EndProject
Project("{9A19103F-16F7-4668-BE54-9A1E7A4F7556}") = "Rbyte.Mvc", "Src\Presentation\Rbyte.Mvc\Rbyte.Mvc.csproj", "{D254AF79-DCA6-4640-AF66-553E46BC2000}"
EndProject
Project("{9A19103F-16F7-4668-BE54-9A1E7A4F7556}") = "Rbyte.Tests", "Tests\Rbyte.Tests\Rbyte.Tests.csproj", "{6A083D74-3BD9-4377-960D-175ACC5A5A9D}"
EndProject
Project("{9A19103F-16F7-4668-BE54-9A1E7A4F7556}") = "Rbyte.Common", "Src\Common\Rbyte.Common\Rbyte.Common.csproj", "{F6F42D5F-1305-4A44-BA41-00AB9DAE8A54}"
EndProject
Project("{9A19103F-16F7-4668-BE54-9A1E7A4F7556}") = "Rbyte.Api", "Src\Presentation\Rbyte.Api\Rbyte.Api.csproj", "{3882A8F7-1735-44CA-837A-651D31E27A02}"
EndProject
Global
	GlobalSection(SolutionConfigurationPlatforms) = preSolution
		Debug|Any CPU = Debug|Any CPU
		Release|Any CPU = Release|Any CPU
	EndGlobalSection
	GlobalSection(ProjectConfigurationPlatforms) = postSolution
		{0837B424-BA7C-49EE-938B-3A723402EE9D}.Debug|Any CPU.ActiveCfg = Debug|Any CPU
		{0837B424-BA7C-49EE-938B-3A723402EE9D}.Debug|Any CPU.Build.0 = Debug|Any CPU
		{0837B424-BA7C-49EE-938B-3A723402EE9D}.Release|Any CPU.ActiveCfg = Release|Any CPU
		{0837B424-BA7C-49EE-938B-3A723402EE9D}.Release|Any CPU.Build.0 = Release|Any CPU
		{3F79EE1D-6777-488D-AD4D-F8D02103571E}.Debug|Any CPU.ActiveCfg = Debug|Any CPU
		{3F79EE1D-6777-488D-AD4D-F8D02103571E}.Debug|Any CPU.Build.0 = Debug|Any CPU
		{3F79EE1D-6777-488D-AD4D-F8D02103571E}.Release|Any CPU.ActiveCfg = Release|Any CPU
		{3F79EE1D-6777-488D-AD4D-F8D02103571E}.Release|Any CPU.Build.0 = Release|Any CPU
		{39BBD400-EED7-48A6-AB53-3489AB0DC5E0}.Debug|Any CPU.ActiveCfg = Debug|Any CPU
		{39BBD400-EED7-48A6-AB53-3489AB0DC5E0}.Debug|Any CPU.Build.0 = Debug|Any CPU
		{39BBD400-EED7-48A6-AB53-3489AB0DC5E0}.Release|Any CPU.ActiveCfg = Release|Any CPU
		{39BBD400-EED7-48A6-AB53-3489AB0DC5E0}.Release|Any CPU.Build.0 = Release|Any CPU
		{D254AF79-DCA6-4640-AF66-553E46BC2000}.Debug|Any CPU.ActiveCfg = Debug|Any CPU
		{D254AF79-DCA6-4640-AF66-553E46BC2000}.Debug|Any CPU.Build.0 = Debug|Any CPU
		{D254AF79-DCA6-4640-AF66-553E46BC2000}.Release|Any CPU.ActiveCfg = Release|Any CPU
		{D254AF79-DCA6-4640-AF66-553E46BC2000}.Release|Any CPU.Build.0 = Release|Any CPU
		{6A083D74-3BD9-4377-960D-175ACC5A5A9D}.Debug|Any CPU.ActiveCfg = Debug|Any CPU
		{6A083D74-3BD9-4377-960D-175ACC5A5A9D}.Debug|Any CPU.Build.0 = Debug|Any CPU
		{6A083D74-3BD9-4377-960D-175ACC5A5A9D}.Release|Any CPU.ActiveCfg = Release|Any CPU
		{6A083D74-3BD9-4377-960D-175ACC5A5A9D}.Release|Any CPU.Build.0 = Release|Any CPU
		{F6F42D5F-1305-4A44-BA41-00AB9DAE8A54}.Debug|Any CPU.ActiveCfg = Debug|Any CPU
		{F6F42D5F-1305-4A44-BA41-00AB9DAE8A54}.Debug|Any CPU.Build.0 = Debug|Any CPU
		{F6F42D5F-1305-4A44-BA41-00AB9DAE8A54}.Release|Any CPU.ActiveCfg = Release|Any CPU
		{F6F42D5F-1305-4A44-BA41-00AB9DAE8A54}.Release|Any CPU.Build.0 = Release|Any CPU
		{3882A8F7-1735-44CA-837A-651D31E27A02}.Debug|Any CPU.ActiveCfg = Debug|Any CPU
		{3882A8F7-1735-44CA-837A-651D31E27A02}.Debug|Any CPU.Build.0 = Debug|Any CPU
		{3882A8F7-1735-44CA-837A-651D31E27A02}.Release|Any CPU.ActiveCfg = Release|Any CPU
		{3882A8F7-1735-44CA-837A-651D31E27A02}.Release|Any CPU.Build.0 = Release|Any CPU
	EndGlobalSection
	GlobalSection(SolutionProperties) = preSolution
		HideSolutionNode = FALSE
	EndGlobalSection
	GlobalSection(NestedProjects) = preSolution
		{C5A21030-D51D-49E3-B0B9-2FCF32AABC86} = {3D880BBA-8D23-49F3-B109-0D680C6BBD01}
		{135EB30F-3FC9-44E7-97A4-0A37C9C83871} = {3D880BBA-8D23-49F3-B109-0D680C6BBD01}
		{B7313F21-4C85-4A89-B8E9-24379B5B0F9E} = {3D880BBA-8D23-49F3-B109-0D680C6BBD01}
		{3DC448FB-22B2-4DEF-9BD1-FFCD2285FCB7} = {3D880BBA-8D23-49F3-B109-0D680C6BBD01}
		{0837B424-BA7C-49EE-938B-3A723402EE9D} = {135EB30F-3FC9-44E7-97A4-0A37C9C83871}
		{3F79EE1D-6777-488D-AD4D-F8D02103571E} = {B7313F21-4C85-4A89-B8E9-24379B5B0F9E}
		{39BBD400-EED7-48A6-AB53-3489AB0DC5E0} = {135EB30F-3FC9-44E7-97A4-0A37C9C83871}
		{D254AF79-DCA6-4640-AF66-553E46BC2000} = {3DC448FB-22B2-4DEF-9BD1-FFCD2285FCB7}
		{6A083D74-3BD9-4377-960D-175ACC5A5A9D} = {33F17F87-9D91-455E-996E-31BB22DDC611}
		{F6F42D5F-1305-4A44-BA41-00AB9DAE8A54} = {C5A21030-D51D-49E3-B0B9-2FCF32AABC86}
		{3882A8F7-1735-44CA-837A-651D31E27A02} = {3DC448FB-22B2-4DEF-9BD1-FFCD2285FCB7}
	EndGlobalSection
	GlobalSection(ExtensibilityGlobals) = postSolution
		SolutionGuid = {763E3616-B55D-48F9-8FD2-5E6B30FD5306}
	EndGlobalSection
EndGlobal
