
Microsoft Visual Studio Solution File, Format Version 12.00
# Visual Studio 15
VisualStudioVersion = 15.0.26124.0
MinimumVisualStudioVersion = 15.0.26124.0
Project("{9A19103F-16F7-4668-BE54-9A1E7A4F7556}") = "logic", "logic\logic.csproj", "{B3A7CE2C-B5BE-48AE-A319-07E8D33B3BE0}"
EndProject
Project("{9A19103F-16F7-4668-BE54-9A1E7A4F7556}") = "test", "test\test.csproj", "{EB6B3817-8C5C-4D34-B28A-1CBCE0341335}"
EndProject
Project("{2150E333-8FDC-42A3-9474-1A3956D46DE8}") = "info", "info", "{333F2085-92DB-487F-9A4E-42C635C595D5}"
	ProjectSection(SolutionItems) = preProject
		README.txt = README.txt
	EndProjectSection
EndProject
Global
	GlobalSection(SolutionConfigurationPlatforms) = preSolution
		Debug|Any CPU = Debug|Any CPU
		Debug|x64 = Debug|x64
		Debug|x86 = Debug|x86
		Release|Any CPU = Release|Any CPU
		Release|x64 = Release|x64
		Release|x86 = Release|x86
	EndGlobalSection
	GlobalSection(ProjectConfigurationPlatforms) = postSolution
		{B3A7CE2C-B5BE-48AE-A319-07E8D33B3BE0}.Debug|Any CPU.ActiveCfg = Debug|Any CPU
		{B3A7CE2C-B5BE-48AE-A319-07E8D33B3BE0}.Debug|Any CPU.Build.0 = Debug|Any CPU
		{B3A7CE2C-B5BE-48AE-A319-07E8D33B3BE0}.Debug|x64.ActiveCfg = Debug|Any CPU
		{B3A7CE2C-B5BE-48AE-A319-07E8D33B3BE0}.Debug|x64.Build.0 = Debug|Any CPU
		{B3A7CE2C-B5BE-48AE-A319-07E8D33B3BE0}.Debug|x86.ActiveCfg = Debug|Any CPU
		{B3A7CE2C-B5BE-48AE-A319-07E8D33B3BE0}.Debug|x86.Build.0 = Debug|Any CPU
		{B3A7CE2C-B5BE-48AE-A319-07E8D33B3BE0}.Release|Any CPU.ActiveCfg = Release|Any CPU
		{B3A7CE2C-B5BE-48AE-A319-07E8D33B3BE0}.Release|Any CPU.Build.0 = Release|Any CPU
		{B3A7CE2C-B5BE-48AE-A319-07E8D33B3BE0}.Release|x64.ActiveCfg = Release|Any CPU
		{B3A7CE2C-B5BE-48AE-A319-07E8D33B3BE0}.Release|x64.Build.0 = Release|Any CPU
		{B3A7CE2C-B5BE-48AE-A319-07E8D33B3BE0}.Release|x86.ActiveCfg = Release|Any CPU
		{B3A7CE2C-B5BE-48AE-A319-07E8D33B3BE0}.Release|x86.Build.0 = Release|Any CPU
		{EB6B3817-8C5C-4D34-B28A-1CBCE0341335}.Debug|Any CPU.ActiveCfg = Debug|Any CPU
		{EB6B3817-8C5C-4D34-B28A-1CBCE0341335}.Debug|Any CPU.Build.0 = Debug|Any CPU
		{EB6B3817-8C5C-4D34-B28A-1CBCE0341335}.Debug|x64.ActiveCfg = Debug|Any CPU
		{EB6B3817-8C5C-4D34-B28A-1CBCE0341335}.Debug|x64.Build.0 = Debug|Any CPU
		{EB6B3817-8C5C-4D34-B28A-1CBCE0341335}.Debug|x86.ActiveCfg = Debug|Any CPU
		{EB6B3817-8C5C-4D34-B28A-1CBCE0341335}.Debug|x86.Build.0 = Debug|Any CPU
		{EB6B3817-8C5C-4D34-B28A-1CBCE0341335}.Release|Any CPU.ActiveCfg = Release|Any CPU
		{EB6B3817-8C5C-4D34-B28A-1CBCE0341335}.Release|Any CPU.Build.0 = Release|Any CPU
		{EB6B3817-8C5C-4D34-B28A-1CBCE0341335}.Release|x64.ActiveCfg = Release|Any CPU
		{EB6B3817-8C5C-4D34-B28A-1CBCE0341335}.Release|x64.Build.0 = Release|Any CPU
		{EB6B3817-8C5C-4D34-B28A-1CBCE0341335}.Release|x86.ActiveCfg = Release|Any CPU
		{EB6B3817-8C5C-4D34-B28A-1CBCE0341335}.Release|x86.Build.0 = Release|Any CPU
	EndGlobalSection
	GlobalSection(SolutionProperties) = preSolution
		HideSolutionNode = FALSE
	EndGlobalSection
	GlobalSection(ExtensibilityGlobals) = postSolution
		SolutionGuid = {81C6302D-EC75-48D2-8550-38387675763D}
	EndGlobalSection
EndGlobal
